
Microsoft Visual Studio Solution File, Format Version 12.00
# Visual Studio Version 17
VisualStudioVersion = 17.12.35527.113
MinimumVisualStudioVersion = 10.0.40219.1
Project("{FAE04EC0-301F-11D3-BF4B-00C04F79EFBC}") = "ClassLibraryAdapter", "Task1\ClassLibraryAdapter\ClassLibraryAdapter.csproj", "{C00BE9C6-744C-4CE5-B645-A42C11837950}"
EndProject
Project("{FAE04EC0-301F-11D3-BF4B-00C04F79EFBC}") = "ConsoleAppAdapter", "Task1\ConsoleAppAdapter\ConsoleAppAdapter.csproj", "{845ECDBA-EADF-43B8-9381-828D9B3CC12E}"
EndProject
Project("{FAE04EC0-301F-11D3-BF4B-00C04F79EFBC}") = "ClassLibraryDecorator", "Task2\ClassLibraryDecorator\ClassLibraryDecorator.csproj", "{C482F78F-99FF-4BB2-8F2D-EF5133EA8039}"
EndProject
Project("{FAE04EC0-301F-11D3-BF4B-00C04F79EFBC}") = "ConsoleAppDecorator", "Task2\ConsoleAppDecorator\ConsoleAppDecorator.csproj", "{3875A683-7F45-43BB-9436-6D3549412FE7}"
EndProject
Project("{2150E333-8FDC-42A3-9474-1A3956D46DE8}") = "Task1", "Task1", "{B6D5009C-9FA5-491E-93E7-F602DF8B5777}"
EndProject
Project("{2150E333-8FDC-42A3-9474-1A3956D46DE8}") = "Task2", "Task2", "{056D1C5E-CD76-4B13-B08F-F582AF362C4A}"
EndProject
Project("{2150E333-8FDC-42A3-9474-1A3956D46DE8}") = "Task3", "Task3", "{F99AE934-7449-4147-9774-8FB365B79403}"
EndProject
Project("{FAE04EC0-301F-11D3-BF4B-00C04F79EFBC}") = "ClassLibraryBridge", "Task3\ClassLibraryBridge\ClassLibraryBridge.csproj", "{DCF5640E-CB93-4D17-BF5A-F037A305A3EE}"
EndProject
Project("{FAE04EC0-301F-11D3-BF4B-00C04F79EFBC}") = "ConsoleAppBridge", "Task3\ConsoleAppBridge\ConsoleAppBridge.csproj", "{7C65F79C-2BC1-4704-8B3E-270A790B963A}"
EndProject
Project("{2150E333-8FDC-42A3-9474-1A3956D46DE8}") = "Task4", "Task4", "{A9C71955-C3C6-4243-BDD5-31DF2491AD29}"
EndProject
Project("{FAE04EC0-301F-11D3-BF4B-00C04F79EFBC}") = "ClassLibraryProxy", "Task4\ClassLibraryProxy\ClassLibraryProxy.csproj", "{68DB8CBA-D499-44C8-BA96-D7CB9E0825D0}"
EndProject
Project("{FAE04EC0-301F-11D3-BF4B-00C04F79EFBC}") = "ConsoleAppProxy", "Task4\ConsoleAppProxy\ConsoleAppProxy.csproj", "{0077505A-D451-417F-BE0A-7A995A2CBF3F}"
EndProject
Project("{2150E333-8FDC-42A3-9474-1A3956D46DE8}") = "Task5", "Task5", "{671B019A-7DDD-47FF-ACEB-BF92152A3449}"
EndProject
Project("{FAE04EC0-301F-11D3-BF4B-00C04F79EFBC}") = "ClassLibraryComposite", "Task5\ClassLibraryComposite\ClassLibraryComposite.csproj", "{917798FD-90EB-475F-9172-548410BA10F3}"
EndProject
Project("{FAE04EC0-301F-11D3-BF4B-00C04F79EFBC}") = "ConsoleAppComposite", "Task5\ConsoleAppComposite\ConsoleAppComposite.csproj", "{A90D656E-1538-4294-8058-1AD2B926D847}"
EndProject
Project("{2150E333-8FDC-42A3-9474-1A3956D46DE8}") = "Task6", "Task6", "{48EC625B-C589-4E12-B66F-2583CAEC9FBA}"
EndProject
Project("{FAE04EC0-301F-11D3-BF4B-00C04F79EFBC}") = "ConsoleAppFlyweight", "Task6\ConsoleAppFlyweight\ConsoleAppFlyweight.csproj", "{6E8E1707-44A4-40BE-84EB-3A381BAAEC12}"
EndProject
Global
	GlobalSection(SolutionConfigurationPlatforms) = preSolution
		Debug|Any CPU = Debug|Any CPU
		Release|Any CPU = Release|Any CPU
	EndGlobalSection
	GlobalSection(ProjectConfigurationPlatforms) = postSolution
		{C00BE9C6-744C-4CE5-B645-A42C11837950}.Debug|Any CPU.ActiveCfg = Debug|Any CPU
		{C00BE9C6-744C-4CE5-B645-A42C11837950}.Debug|Any CPU.Build.0 = Debug|Any CPU
		{C00BE9C6-744C-4CE5-B645-A42C11837950}.Release|Any CPU.ActiveCfg = Release|Any CPU
		{C00BE9C6-744C-4CE5-B645-A42C11837950}.Release|Any CPU.Build.0 = Release|Any CPU
		{845ECDBA-EADF-43B8-9381-828D9B3CC12E}.Debug|Any CPU.ActiveCfg = Debug|Any CPU
		{845ECDBA-EADF-43B8-9381-828D9B3CC12E}.Debug|Any CPU.Build.0 = Debug|Any CPU
		{845ECDBA-EADF-43B8-9381-828D9B3CC12E}.Release|Any CPU.ActiveCfg = Release|Any CPU
		{845ECDBA-EADF-43B8-9381-828D9B3CC12E}.Release|Any CPU.Build.0 = Release|Any CPU
		{C482F78F-99FF-4BB2-8F2D-EF5133EA8039}.Debug|Any CPU.ActiveCfg = Debug|Any CPU
		{C482F78F-99FF-4BB2-8F2D-EF5133EA8039}.Debug|Any CPU.Build.0 = Debug|Any CPU
		{C482F78F-99FF-4BB2-8F2D-EF5133EA8039}.Release|Any CPU.ActiveCfg = Release|Any CPU
		{C482F78F-99FF-4BB2-8F2D-EF5133EA8039}.Release|Any CPU.Build.0 = Release|Any CPU
		{3875A683-7F45-43BB-9436-6D3549412FE7}.Debug|Any CPU.ActiveCfg = Debug|Any CPU
		{3875A683-7F45-43BB-9436-6D3549412FE7}.Debug|Any CPU.Build.0 = Debug|Any CPU
		{3875A683-7F45-43BB-9436-6D3549412FE7}.Release|Any CPU.ActiveCfg = Release|Any CPU
		{3875A683-7F45-43BB-9436-6D3549412FE7}.Release|Any CPU.Build.0 = Release|Any CPU
		{DCF5640E-CB93-4D17-BF5A-F037A305A3EE}.Debug|Any CPU.ActiveCfg = Debug|Any CPU
		{DCF5640E-CB93-4D17-BF5A-F037A305A3EE}.Debug|Any CPU.Build.0 = Debug|Any CPU
		{DCF5640E-CB93-4D17-BF5A-F037A305A3EE}.Release|Any CPU.ActiveCfg = Release|Any CPU
		{DCF5640E-CB93-4D17-BF5A-F037A305A3EE}.Release|Any CPU.Build.0 = Release|Any CPU
		{7C65F79C-2BC1-4704-8B3E-270A790B963A}.Debug|Any CPU.ActiveCfg = Debug|Any CPU
		{7C65F79C-2BC1-4704-8B3E-270A790B963A}.Debug|Any CPU.Build.0 = Debug|Any CPU
		{7C65F79C-2BC1-4704-8B3E-270A790B963A}.Release|Any CPU.ActiveCfg = Release|Any CPU
		{7C65F79C-2BC1-4704-8B3E-270A790B963A}.Release|Any CPU.Build.0 = Release|Any CPU
		{68DB8CBA-D499-44C8-BA96-D7CB9E0825D0}.Debug|Any CPU.ActiveCfg = Debug|Any CPU
		{68DB8CBA-D499-44C8-BA96-D7CB9E0825D0}.Debug|Any CPU.Build.0 = Debug|Any CPU
		{68DB8CBA-D499-44C8-BA96-D7CB9E0825D0}.Release|Any CPU.ActiveCfg = Release|Any CPU
		{68DB8CBA-D499-44C8-BA96-D7CB9E0825D0}.Release|Any CPU.Build.0 = Release|Any CPU
		{0077505A-D451-417F-BE0A-7A995A2CBF3F}.Debug|Any CPU.ActiveCfg = Debug|Any CPU
		{0077505A-D451-417F-BE0A-7A995A2CBF3F}.Debug|Any CPU.Build.0 = Debug|Any CPU
		{0077505A-D451-417F-BE0A-7A995A2CBF3F}.Release|Any CPU.ActiveCfg = Release|Any CPU
		{0077505A-D451-417F-BE0A-7A995A2CBF3F}.Release|Any CPU.Build.0 = Release|Any CPU
		{917798FD-90EB-475F-9172-548410BA10F3}.Debug|Any CPU.ActiveCfg = Debug|Any CPU
		{917798FD-90EB-475F-9172-548410BA10F3}.Debug|Any CPU.Build.0 = Debug|Any CPU
		{917798FD-90EB-475F-9172-548410BA10F3}.Release|Any CPU.ActiveCfg = Release|Any CPU
		{917798FD-90EB-475F-9172-548410BA10F3}.Release|Any CPU.Build.0 = Release|Any CPU
		{A90D656E-1538-4294-8058-1AD2B926D847}.Debug|Any CPU.ActiveCfg = Debug|Any CPU
		{A90D656E-1538-4294-8058-1AD2B926D847}.Debug|Any CPU.Build.0 = Debug|Any CPU
		{A90D656E-1538-4294-8058-1AD2B926D847}.Release|Any CPU.ActiveCfg = Release|Any CPU
		{A90D656E-1538-4294-8058-1AD2B926D847}.Release|Any CPU.Build.0 = Release|Any CPU
		{6E8E1707-44A4-40BE-84EB-3A381BAAEC12}.Debug|Any CPU.ActiveCfg = Debug|Any CPU
		{6E8E1707-44A4-40BE-84EB-3A381BAAEC12}.Debug|Any CPU.Build.0 = Debug|Any CPU
		{6E8E1707-44A4-40BE-84EB-3A381BAAEC12}.Release|Any CPU.ActiveCfg = Release|Any CPU
		{6E8E1707-44A4-40BE-84EB-3A381BAAEC12}.Release|Any CPU.Build.0 = Release|Any CPU
	EndGlobalSection
	GlobalSection(SolutionProperties) = preSolution
		HideSolutionNode = FALSE
	EndGlobalSection
	GlobalSection(NestedProjects) = preSolution
		{C00BE9C6-744C-4CE5-B645-A42C11837950} = {B6D5009C-9FA5-491E-93E7-F602DF8B5777}
		{845ECDBA-EADF-43B8-9381-828D9B3CC12E} = {B6D5009C-9FA5-491E-93E7-F602DF8B5777}
		{C482F78F-99FF-4BB2-8F2D-EF5133EA8039} = {056D1C5E-CD76-4B13-B08F-F582AF362C4A}
		{3875A683-7F45-43BB-9436-6D3549412FE7} = {056D1C5E-CD76-4B13-B08F-F582AF362C4A}
		{DCF5640E-CB93-4D17-BF5A-F037A305A3EE} = {F99AE934-7449-4147-9774-8FB365B79403}
		{7C65F79C-2BC1-4704-8B3E-270A790B963A} = {F99AE934-7449-4147-9774-8FB365B79403}
		{68DB8CBA-D499-44C8-BA96-D7CB9E0825D0} = {A9C71955-C3C6-4243-BDD5-31DF2491AD29}
		{0077505A-D451-417F-BE0A-7A995A2CBF3F} = {A9C71955-C3C6-4243-BDD5-31DF2491AD29}
		{917798FD-90EB-475F-9172-548410BA10F3} = {671B019A-7DDD-47FF-ACEB-BF92152A3449}
		{A90D656E-1538-4294-8058-1AD2B926D847} = {671B019A-7DDD-47FF-ACEB-BF92152A3449}
		{6E8E1707-44A4-40BE-84EB-3A381BAAEC12} = {48EC625B-C589-4E12-B66F-2583CAEC9FBA}
	EndGlobalSection
EndGlobal
