
Microsoft Visual Studio Solution File, Format Version 12.00
# Visual Studio Version 17
VisualStudioVersion = 17.12.35527.113
MinimumVisualStudioVersion = 10.0.40219.1
Project("{FAE04EC0-301F-11D3-BF4B-00C04F79EFBC}") = "CoRClassLibrary", "Task1\Task1ClassLibrary\CoRClassLibrary.csproj", "{3768DCE7-F6F4-45C9-A2A9-53A7BE6B3496}"
EndProject
Project("{FAE04EC0-301F-11D3-BF4B-00C04F79EFBC}") = "CoRConsoleApp", "Task1\Task1ConsoleApp\CoRConsoleApp.csproj", "{2A830382-CE8E-4C0D-BB81-A1C2FFB14B43}"
EndProject
Project("{FAE04EC0-301F-11D3-BF4B-00C04F79EFBC}") = "MediatorClassLibrary", "Task2\Task2ClassLibrary\MediatorClassLibrary.csproj", "{34755984-E6C6-4846-987E-D05EAFFC5FB7}"
EndProject
Project("{FAE04EC0-301F-11D3-BF4B-00C04F79EFBC}") = "MediatorConsoleApp", "Task2\Task2ConsoleApp\MediatorConsoleApp.csproj", "{61FAF26D-2DCE-48EE-8309-1DFAD30CE7D6}"
EndProject
Project("{FAE04EC0-301F-11D3-BF4B-00C04F79EFBC}") = "ObserverClassLibrary", "Task3\Task3ClassLibrary\ObserverClassLibrary.csproj", "{4588FEC2-0274-4B6C-8C56-8B5688E132E6}"
EndProject
Project("{FAE04EC0-301F-11D3-BF4B-00C04F79EFBC}") = "ObserverConsoleApp", "Task3\Task3ConsoleApp\ObserverConsoleApp.csproj", "{B4859128-97E9-4469-A606-06B4880ABA93}"
EndProject
Project("{FAE04EC0-301F-11D3-BF4B-00C04F79EFBC}") = "StrategyClassLibrary", "Task4\Task4ClassLibrary\StrategyClassLibrary.csproj", "{D80B5CFD-88D9-4085-851F-87201DF45D63}"
EndProject
Project("{FAE04EC0-301F-11D3-BF4B-00C04F79EFBC}") = "StrategyConsoleApp", "Task4\Task4ConsoleApp\StrategyConsoleApp.csproj", "{0BF076F4-7975-4165-B16E-0279E8137646}"
EndProject
Project("{FAE04EC0-301F-11D3-BF4B-00C04F79EFBC}") = "MementoClassLibrary", "Task5\Task5ClassLibrary\MementoClassLibrary.csproj", "{E4CCCF36-DA3B-4716-B272-A4E9ABC76509}"
EndProject
Project("{FAE04EC0-301F-11D3-BF4B-00C04F79EFBC}") = "MementoConsoleApp", "Task5\Task5ConsoleApp\MementoConsoleApp.csproj", "{0B623C34-A963-4B7C-87F5-869E9DA8C3A7}"
EndProject
Project("{2150E333-8FDC-42A3-9474-1A3956D46DE8}") = "Task5", "Task5", "{92B11619-F998-4A3B-BE3C-0EAA96BFB5C2}"
EndProject
Project("{2150E333-8FDC-42A3-9474-1A3956D46DE8}") = "Task1", "Task1", "{18BBB1B6-5715-4FBF-8AA3-E30B8094B25B}"
EndProject
Project("{2150E333-8FDC-42A3-9474-1A3956D46DE8}") = "Task2", "Task2", "{FF3B0893-B20D-4B94-87B9-A9C5157583CF}"
EndProject
Project("{2150E333-8FDC-42A3-9474-1A3956D46DE8}") = "Task3", "Task3", "{CDA148A1-5825-4D55-B586-9AA1961C9AD6}"
EndProject
Project("{2150E333-8FDC-42A3-9474-1A3956D46DE8}") = "Task4", "Task4", "{D188553C-81AA-4474-AC93-E9539F574454}"
EndProject
Global
	GlobalSection(SolutionConfigurationPlatforms) = preSolution
		Debug|Any CPU = Debug|Any CPU
		Release|Any CPU = Release|Any CPU
	EndGlobalSection
	GlobalSection(ProjectConfigurationPlatforms) = postSolution
		{3768DCE7-F6F4-45C9-A2A9-53A7BE6B3496}.Debug|Any CPU.ActiveCfg = Debug|Any CPU
		{3768DCE7-F6F4-45C9-A2A9-53A7BE6B3496}.Debug|Any CPU.Build.0 = Debug|Any CPU
		{3768DCE7-F6F4-45C9-A2A9-53A7BE6B3496}.Release|Any CPU.ActiveCfg = Release|Any CPU
		{3768DCE7-F6F4-45C9-A2A9-53A7BE6B3496}.Release|Any CPU.Build.0 = Release|Any CPU
		{2A830382-CE8E-4C0D-BB81-A1C2FFB14B43}.Debug|Any CPU.ActiveCfg = Debug|Any CPU
		{2A830382-CE8E-4C0D-BB81-A1C2FFB14B43}.Debug|Any CPU.Build.0 = Debug|Any CPU
		{2A830382-CE8E-4C0D-BB81-A1C2FFB14B43}.Release|Any CPU.ActiveCfg = Release|Any CPU
		{2A830382-CE8E-4C0D-BB81-A1C2FFB14B43}.Release|Any CPU.Build.0 = Release|Any CPU
		{34755984-E6C6-4846-987E-D05EAFFC5FB7}.Debug|Any CPU.ActiveCfg = Debug|Any CPU
		{34755984-E6C6-4846-987E-D05EAFFC5FB7}.Debug|Any CPU.Build.0 = Debug|Any CPU
		{34755984-E6C6-4846-987E-D05EAFFC5FB7}.Release|Any CPU.ActiveCfg = Release|Any CPU
		{34755984-E6C6-4846-987E-D05EAFFC5FB7}.Release|Any CPU.Build.0 = Release|Any CPU
		{61FAF26D-2DCE-48EE-8309-1DFAD30CE7D6}.Debug|Any CPU.ActiveCfg = Debug|Any CPU
		{61FAF26D-2DCE-48EE-8309-1DFAD30CE7D6}.Debug|Any CPU.Build.0 = Debug|Any CPU
		{61FAF26D-2DCE-48EE-8309-1DFAD30CE7D6}.Release|Any CPU.ActiveCfg = Release|Any CPU
		{61FAF26D-2DCE-48EE-8309-1DFAD30CE7D6}.Release|Any CPU.Build.0 = Release|Any CPU
		{4588FEC2-0274-4B6C-8C56-8B5688E132E6}.Debug|Any CPU.ActiveCfg = Debug|Any CPU
		{4588FEC2-0274-4B6C-8C56-8B5688E132E6}.Debug|Any CPU.Build.0 = Debug|Any CPU
		{4588FEC2-0274-4B6C-8C56-8B5688E132E6}.Release|Any CPU.ActiveCfg = Release|Any CPU
		{4588FEC2-0274-4B6C-8C56-8B5688E132E6}.Release|Any CPU.Build.0 = Release|Any CPU
		{B4859128-97E9-4469-A606-06B4880ABA93}.Debug|Any CPU.ActiveCfg = Debug|Any CPU
		{B4859128-97E9-4469-A606-06B4880ABA93}.Debug|Any CPU.Build.0 = Debug|Any CPU
		{B4859128-97E9-4469-A606-06B4880ABA93}.Release|Any CPU.ActiveCfg = Release|Any CPU
		{B4859128-97E9-4469-A606-06B4880ABA93}.Release|Any CPU.Build.0 = Release|Any CPU
		{D80B5CFD-88D9-4085-851F-87201DF45D63}.Debug|Any CPU.ActiveCfg = Debug|Any CPU
		{D80B5CFD-88D9-4085-851F-87201DF45D63}.Debug|Any CPU.Build.0 = Debug|Any CPU
		{D80B5CFD-88D9-4085-851F-87201DF45D63}.Release|Any CPU.ActiveCfg = Release|Any CPU
		{D80B5CFD-88D9-4085-851F-87201DF45D63}.Release|Any CPU.Build.0 = Release|Any CPU
		{0BF076F4-7975-4165-B16E-0279E8137646}.Debug|Any CPU.ActiveCfg = Debug|Any CPU
		{0BF076F4-7975-4165-B16E-0279E8137646}.Debug|Any CPU.Build.0 = Debug|Any CPU
		{0BF076F4-7975-4165-B16E-0279E8137646}.Release|Any CPU.ActiveCfg = Release|Any CPU
		{0BF076F4-7975-4165-B16E-0279E8137646}.Release|Any CPU.Build.0 = Release|Any CPU
		{E4CCCF36-DA3B-4716-B272-A4E9ABC76509}.Debug|Any CPU.ActiveCfg = Debug|Any CPU
		{E4CCCF36-DA3B-4716-B272-A4E9ABC76509}.Debug|Any CPU.Build.0 = Debug|Any CPU
		{E4CCCF36-DA3B-4716-B272-A4E9ABC76509}.Release|Any CPU.ActiveCfg = Release|Any CPU
		{E4CCCF36-DA3B-4716-B272-A4E9ABC76509}.Release|Any CPU.Build.0 = Release|Any CPU
		{0B623C34-A963-4B7C-87F5-869E9DA8C3A7}.Debug|Any CPU.ActiveCfg = Debug|Any CPU
		{0B623C34-A963-4B7C-87F5-869E9DA8C3A7}.Debug|Any CPU.Build.0 = Debug|Any CPU
		{0B623C34-A963-4B7C-87F5-869E9DA8C3A7}.Release|Any CPU.ActiveCfg = Release|Any CPU
		{0B623C34-A963-4B7C-87F5-869E9DA8C3A7}.Release|Any CPU.Build.0 = Release|Any CPU
	EndGlobalSection
	GlobalSection(SolutionProperties) = preSolution
		HideSolutionNode = FALSE
	EndGlobalSection
	GlobalSection(NestedProjects) = preSolution
		{3768DCE7-F6F4-45C9-A2A9-53A7BE6B3496} = {18BBB1B6-5715-4FBF-8AA3-E30B8094B25B}
		{2A830382-CE8E-4C0D-BB81-A1C2FFB14B43} = {18BBB1B6-5715-4FBF-8AA3-E30B8094B25B}
		{34755984-E6C6-4846-987E-D05EAFFC5FB7} = {FF3B0893-B20D-4B94-87B9-A9C5157583CF}
		{61FAF26D-2DCE-48EE-8309-1DFAD30CE7D6} = {FF3B0893-B20D-4B94-87B9-A9C5157583CF}
		{4588FEC2-0274-4B6C-8C56-8B5688E132E6} = {CDA148A1-5825-4D55-B586-9AA1961C9AD6}
		{B4859128-97E9-4469-A606-06B4880ABA93} = {CDA148A1-5825-4D55-B586-9AA1961C9AD6}
		{D80B5CFD-88D9-4085-851F-87201DF45D63} = {D188553C-81AA-4474-AC93-E9539F574454}
		{0BF076F4-7975-4165-B16E-0279E8137646} = {D188553C-81AA-4474-AC93-E9539F574454}
		{E4CCCF36-DA3B-4716-B272-A4E9ABC76509} = {92B11619-F998-4A3B-BE3C-0EAA96BFB5C2}
		{0B623C34-A963-4B7C-87F5-869E9DA8C3A7} = {92B11619-F998-4A3B-BE3C-0EAA96BFB5C2}
	EndGlobalSection
EndGlobal
